dependencies:
- name: postgresql
  repository: https://kubernetes-charts.storage.googleapis.com/
  version: 0.8.3
- name: redis
  repository: https://kubernetes-charts.storage.googleapis.com/
  version: 0.10.1
digest: sha256:3b09ea85643490465b647bb056e3c8cf5249244074c0c3ced2c36d11e901a7a9
generated: 2018-04-12T10:58:34.767593376-04:00
